
Microsoft Visual Studio Solution File, Format Version 12.00
# Visual Studio Version 16
VisualStudioVersion = 16.0.30523.141
MinimumVisualStudioVersion = 10.0.40219.1
Project("{FAE04EC0-301F-11D3-BF4B-00C04F79EFBC}") = "Actividad5_UT2", "Actividad5_UT2\Actividad5_UT2.csproj", "{8161ADAC-640A-4FAE-B08A-C2900AB6F1FF}"
EndProject
Global
	GlobalSection(SolutionConfigurationPlatforms) = preSolution
		Debug|Any CPU = Debug|Any CPU
		Release|Any CPU = Release|Any CPU
	EndGlobalSection
	GlobalSection(ProjectConfigurationPlatforms) = postSolution
		{8161ADAC-640A-4FAE-B08A-C2900AB6F1FF}.Debug|Any CPU.ActiveCfg = Debug|Any CPU
		{8161ADAC-640A-4FAE-B08A-C2900AB6F1FF}.Debug|Any CPU.Build.0 = Debug|Any CPU
		{8161ADAC-640A-4FAE-B08A-C2900AB6F1FF}.Release|Any CPU.ActiveCfg = Release|Any CPU
		{8161ADAC-640A-4FAE-B08A-C2900AB6F1FF}.Release|Any CPU.Build.0 = Release|Any CPU
	EndGlobalSection
	GlobalSection(SolutionProperties) = preSolution
		HideSolutionNode = FALSE
	EndGlobalSection
	GlobalSection(ExtensibilityGlobals) = postSolution
		SolutionGuid = {BFD2261D-8165-45C2-918A-FA96BD099675}
	EndGlobalSection
EndGlobal
